
Microsoft Visual Studio Solution File, Format Version 12.00
# Visual Studio Version 16
VisualStudioVersion = 16.0.30621.155
MinimumVisualStudioVersion = 10.0.40219.1
Project("{9A19103F-16F7-4668-BE54-9A1E7A4F7556}") = "ArticleApi.WebApi", "ArticleApi.WebApi\ArticleApi.WebApi.csproj", "{05F49218-1CAA-4BE6-95D0-1DE9738CF618}"
EndProject
Project("{9A19103F-16F7-4668-BE54-9A1E7A4F7556}") = "ArticleApi.DAL", "ArticleApi.DAL\ArticleApi.DAL.csproj", "{41416D95-93B7-4493-B2C7-4A4485B7DAB2}"
EndProject
Project("{FAE04EC0-301F-11D3-BF4B-00C04F79EFBC}") = "ArticleApi.Core", "ArticleApi.Core\ArticleApi.Core.csproj", "{B4C0051A-4935-44B0-9727-E22BC77B3353}"
EndProject
Project("{FAE04EC0-301F-11D3-BF4B-00C04F79EFBC}") = "ArticleApi.Common", "ArticleApi.Common\ArticleApi.Common.csproj", "{1D7B950A-1670-4F5A-9142-C17B0FA9BE19}"
EndProject
Project("{FAE04EC0-301F-11D3-BF4B-00C04F79EFBC}") = "ArticleApi.Data", "ArticleApi.Data\ArticleApi.Data.csproj", "{CAF4E775-7453-460E-AAC1-B134C453CE6E}"
EndProject
Project("{FAE04EC0-301F-11D3-BF4B-00C04F79EFBC}") = "ArticleApi.Business", "ArticleApi.Business\ArticleApi.Business.csproj", "{A6A7B103-CAEE-4C92-96AF-4C6D5B823549}"
EndProject
Global
	GlobalSection(SolutionConfigurationPlatforms) = preSolution
		Debug|Any CPU = Debug|Any CPU
		Release|Any CPU = Release|Any CPU
	EndGlobalSection
	GlobalSection(ProjectConfigurationPlatforms) = postSolution
		{05F49218-1CAA-4BE6-95D0-1DE9738CF618}.Debug|Any CPU.ActiveCfg = Debug|Any CPU
		{05F49218-1CAA-4BE6-95D0-1DE9738CF618}.Debug|Any CPU.Build.0 = Debug|Any CPU
		{05F49218-1CAA-4BE6-95D0-1DE9738CF618}.Release|Any CPU.ActiveCfg = Release|Any CPU
		{05F49218-1CAA-4BE6-95D0-1DE9738CF618}.Release|Any CPU.Build.0 = Release|Any CPU
		{41416D95-93B7-4493-B2C7-4A4485B7DAB2}.Debug|Any CPU.ActiveCfg = Debug|Any CPU
		{41416D95-93B7-4493-B2C7-4A4485B7DAB2}.Debug|Any CPU.Build.0 = Debug|Any CPU
		{41416D95-93B7-4493-B2C7-4A4485B7DAB2}.Release|Any CPU.ActiveCfg = Release|Any CPU
		{41416D95-93B7-4493-B2C7-4A4485B7DAB2}.Release|Any CPU.Build.0 = Release|Any CPU
		{B4C0051A-4935-44B0-9727-E22BC77B3353}.Debug|Any CPU.ActiveCfg = Debug|Any CPU
		{B4C0051A-4935-44B0-9727-E22BC77B3353}.Debug|Any CPU.Build.0 = Debug|Any CPU
		{B4C0051A-4935-44B0-9727-E22BC77B3353}.Release|Any CPU.ActiveCfg = Release|Any CPU
		{B4C0051A-4935-44B0-9727-E22BC77B3353}.Release|Any CPU.Build.0 = Release|Any CPU
		{1D7B950A-1670-4F5A-9142-C17B0FA9BE19}.Debug|Any CPU.ActiveCfg = Debug|Any CPU
		{1D7B950A-1670-4F5A-9142-C17B0FA9BE19}.Debug|Any CPU.Build.0 = Debug|Any CPU
		{1D7B950A-1670-4F5A-9142-C17B0FA9BE19}.Release|Any CPU.ActiveCfg = Release|Any CPU
		{1D7B950A-1670-4F5A-9142-C17B0FA9BE19}.Release|Any CPU.Build.0 = Release|Any CPU
		{CAF4E775-7453-460E-AAC1-B134C453CE6E}.Debug|Any CPU.ActiveCfg = Debug|Any CPU
		{CAF4E775-7453-460E-AAC1-B134C453CE6E}.Debug|Any CPU.Build.0 = Debug|Any CPU
		{CAF4E775-7453-460E-AAC1-B134C453CE6E}.Release|Any CPU.ActiveCfg = Release|Any CPU
		{CAF4E775-7453-460E-AAC1-B134C453CE6E}.Release|Any CPU.Build.0 = Release|Any CPU
		{A6A7B103-CAEE-4C92-96AF-4C6D5B823549}.Debug|Any CPU.ActiveCfg = Debug|Any CPU
		{A6A7B103-CAEE-4C92-96AF-4C6D5B823549}.Debug|Any CPU.Build.0 = Debug|Any CPU
		{A6A7B103-CAEE-4C92-96AF-4C6D5B823549}.Release|Any CPU.ActiveCfg = Release|Any CPU
		{A6A7B103-CAEE-4C92-96AF-4C6D5B823549}.Release|Any CPU.Build.0 = Release|Any CPU
	EndGlobalSection
	GlobalSection(SolutionProperties) = preSolution
		HideSolutionNode = FALSE
	EndGlobalSection
	GlobalSection(ExtensibilityGlobals) = postSolution
		SolutionGuid = {F68AB831-76A2-4897-BD27-7F62CEDB71AC}
	EndGlobalSection
EndGlobal
